
Microsoft Visual Studio Solution File, Format Version 12.00
# Visual Studio Version 16
VisualStudioVersion = 16.0.30621.155
MinimumVisualStudioVersion = 10.0.40219.1
Project("{FAE04EC0-301F-11D3-BF4B-00C04F79EFBC}") = "TheChuckGabbe.UWP", "TheChuckGabbe.UWP\TheChuckGabbe.UWP.csproj", "{0191A20E-B17F-48D6-A5B7-A5F53282A412}"
EndProject
Project("{FAE04EC0-301F-11D3-BF4B-00C04F79EFBC}") = "TheChuckGabbe.Android", "TheChuckGabbe.Android\TheChuckGabbe.Android.csproj", "{D201BAD1-2281-4A7C-943B-66A136843EEB}"
EndProject
Project("{FAE04EC0-301F-11D3-BF4B-00C04F79EFBC}") = "TheChuckGabbe.iOS", "TheChuckGabbe.iOS\TheChuckGabbe.iOS.csproj", "{128F0189-76D8-4552-9B31-034573205B12}"
EndProject
Project("{FAE04EC0-301F-11D3-BF4B-00C04F79EFBC}") = "TheChuckGabbe", "TheChuckGabbe\TheChuckGabbe.csproj", "{C0266876-5E68-4F06-BB41-D566C94BE95F}"
EndProject
Global
	GlobalSection(SolutionConfigurationPlatforms) = preSolution
		Debug|Any CPU = Debug|Any CPU
		Debug|ARM = Debug|ARM
		Debug|iPhone = Debug|iPhone
		Debug|iPhoneSimulator = Debug|iPhoneSimulator
		Debug|x64 = Debug|x64
		Debug|x86 = Debug|x86
		Release|Any CPU = Release|Any CPU
		Release|ARM = Release|ARM
		Release|iPhone = Release|iPhone
		Release|iPhoneSimulator = Release|iPhoneSimulator
		Release|x64 = Release|x64
		Release|x86 = Release|x86
	EndGlobalSection
	GlobalSection(ProjectConfigurationPlatforms) = postSolution
		{0191A20E-B17F-48D6-A5B7-A5F53282A412}.Debug|Any CPU.ActiveCfg = Debug|x86
		{0191A20E-B17F-48D6-A5B7-A5F53282A412}.Debug|Any CPU.Build.0 = Debug|x86
		{0191A20E-B17F-48D6-A5B7-A5F53282A412}.Debug|Any CPU.Deploy.0 = Debug|x86
		{0191A20E-B17F-48D6-A5B7-A5F53282A412}.Debug|ARM.ActiveCfg = Debug|ARM
		{0191A20E-B17F-48D6-A5B7-A5F53282A412}.Debug|ARM.Build.0 = Debug|ARM
		{0191A20E-B17F-48D6-A5B7-A5F53282A412}.Debug|ARM.Deploy.0 = Debug|ARM
		{0191A20E-B17F-48D6-A5B7-A5F53282A412}.Debug|iPhone.ActiveCfg = Debug|x86
		{0191A20E-B17F-48D6-A5B7-A5F53282A412}.Debug|iPhone.Build.0 = Debug|x86
		{0191A20E-B17F-48D6-A5B7-A5F53282A412}.Debug|iPhone.Deploy.0 = Debug|x86
		{0191A20E-B17F-48D6-A5B7-A5F53282A412}.Debug|iPhoneSimulator.ActiveCfg = Debug|x86
		{0191A20E-B17F-48D6-A5B7-A5F53282A412}.Debug|iPhoneSimulator.Build.0 = Debug|x86
		{0191A20E-B17F-48D6-A5B7-A5F53282A412}.Debug|iPhoneSimulator.Deploy.0 = Debug|x86
		{0191A20E-B17F-48D6-A5B7-A5F53282A412}.Debug|x64.ActiveCfg = Debug|x64
		{0191A20E-B17F-48D6-A5B7-A5F53282A412}.Debug|x64.Build.0 = Debug|x64
		{0191A20E-B17F-48D6-A5B7-A5F53282A412}.Debug|x64.Deploy.0 = Debug|x64
		{0191A20E-B17F-48D6-A5B7-A5F53282A412}.Debug|x86.ActiveCfg = Debug|x86
		{0191A20E-B17F-48D6-A5B7-A5F53282A412}.Debug|x86.Build.0 = Debug|x86
		{0191A20E-B17F-48D6-A5B7-A5F53282A412}.Debug|x86.Deploy.0 = Debug|x86
		{0191A20E-B17F-48D6-A5B7-A5F53282A412}.Release|Any CPU.ActiveCfg = Release|x86
		{0191A20E-B17F-48D6-A5B7-A5F53282A412}.Release|Any CPU.Build.0 = Release|x86
		{0191A20E-B17F-48D6-A5B7-A5F53282A412}.Release|Any CPU.Deploy.0 = Release|x86
		{0191A20E-B17F-48D6-A5B7-A5F53282A412}.Release|ARM.ActiveCfg = Release|ARM
		{0191A20E-B17F-48D6-A5B7-A5F53282A412}.Release|ARM.Build.0 = Release|ARM
		{0191A20E-B17F-48D6-A5B7-A5F53282A412}.Release|ARM.Deploy.0 = Release|ARM
		{0191A20E-B17F-48D6-A5B7-A5F53282A412}.Release|iPhone.ActiveCfg = Release|x86
		{0191A20E-B17F-48D6-A5B7-A5F53282A412}.Release|iPhone.Build.0 = Release|x86
		{0191A20E-B17F-48D6-A5B7-A5F53282A412}.Release|iPhone.Deploy.0 = Release|x86
		{0191A20E-B17F-48D6-A5B7-A5F53282A412}.Release|iPhoneSimulator.ActiveCfg = Release|x86
		{0191A20E-B17F-48D6-A5B7-A5F53282A412}.Release|iPhoneSimulator.Build.0 = Release|x86
		{0191A20E-B17F-48D6-A5B7-A5F53282A412}.Release|iPhoneSimulator.Deploy.0 = Release|x86
		{0191A20E-B17F-48D6-A5B7-A5F53282A412}.Release|x64.ActiveCfg = Release|x64
		{0191A20E-B17F-48D6-A5B7-A5F53282A412}.Release|x64.Build.0 = Release|x64
		{0191A20E-B17F-48D6-A5B7-A5F53282A412}.Release|x64.Deploy.0 = Release|x64
		{0191A20E-B17F-48D6-A5B7-A5F53282A412}.Release|x86.ActiveCfg = Release|x86
		{0191A20E-B17F-48D6-A5B7-A5F53282A412}.Release|x86.Build.0 = Release|x86
		{0191A20E-B17F-48D6-A5B7-A5F53282A412}.Release|x86.Deploy.0 = Release|x86
		{D201BAD1-2281-4A7C-943B-66A136843EEB}.Debug|Any CPU.ActiveCfg = Debug|Any CPU
		{D201BAD1-2281-4A7C-943B-66A136843EEB}.Debug|Any CPU.Build.0 = Debug|Any CPU
		{D201BAD1-2281-4A7C-943B-66A136843EEB}.Debug|Any CPU.Deploy.0 = Debug|Any CPU
		{D201BAD1-2281-4A7C-943B-66A136843EEB}.Debug|ARM.ActiveCfg = Debug|Any CPU
		{D201BAD1-2281-4A7C-943B-66A136843EEB}.Debug|ARM.Build.0 = Debug|Any CPU
		{D201BAD1-2281-4A7C-943B-66A136843EEB}.Debug|ARM.Deploy.0 = Debug|Any CPU
		{D201BAD1-2281-4A7C-943B-66A136843EEB}.Debug|iPhone.ActiveCfg = Debug|Any CPU
		{D201BAD1-2281-4A7C-943B-66A136843EEB}.Debug|iPhone.Build.0 = Debug|Any CPU
		{D201BAD1-2281-4A7C-943B-66A136843EEB}.Debug|iPhone.Deploy.0 = Debug|Any CPU
		{D201BAD1-2281-4A7C-943B-66A136843EEB}.Debug|iPhoneSimulator.ActiveCfg = Debug|Any CPU
		{D201BAD1-2281-4A7C-943B-66A136843EEB}.Debug|iPhoneSimulator.Build.0 = Debug|Any CPU
		{D201BAD1-2281-4A7C-943B-66A136843EEB}.Debug|iPhoneSimulator.Deploy.0 = Debug|Any CPU
		{D201BAD1-2281-4A7C-943B-66A136843EEB}.Debug|x64.ActiveCfg = Debug|Any CPU
		{D201BAD1-2281-4A7C-943B-66A136843EEB}.Debug|x64.Build.0 = Debug|Any CPU
		{D201BAD1-2281-4A7C-943B-66A136843EEB}.Debug|x64.Deploy.0 = Debug|Any CPU
		{D201BAD1-2281-4A7C-943B-66A136843EEB}.Debug|x86.ActiveCfg = Debug|Any CPU
		{D201BAD1-2281-4A7C-943B-66A136843EEB}.Debug|x86.Build.0 = Debug|Any CPU
		{D201BAD1-2281-4A7C-943B-66A136843EEB}.Debug|x86.Deploy.0 = Debug|Any CPU
		{D201BAD1-2281-4A7C-943B-66A136843EEB}.Release|Any CPU.ActiveCfg = Release|Any CPU
		{D201BAD1-2281-4A7C-943B-66A136843EEB}.Release|Any CPU.Build.0 = Release|Any CPU
		{D201BAD1-2281-4A7C-943B-66A136843EEB}.Release|Any CPU.Deploy.0 = Release|Any CPU
		{D201BAD1-2281-4A7C-943B-66A136843EEB}.Release|ARM.ActiveCfg = Release|Any CPU
		{D201BAD1-2281-4A7C-943B-66A136843EEB}.Release|ARM.Build.0 = Release|Any CPU
		{D201BAD1-2281-4A7C-943B-66A136843EEB}.Release|ARM.Deploy.0 = Release|Any CPU
		{D201BAD1-2281-4A7C-943B-66A136843EEB}.Release|iPhone.ActiveCfg = Release|Any CPU
		{D201BAD1-2281-4A7C-943B-66A136843EEB}.Release|iPhone.Build.0 = Release|Any CPU
		{D201BAD1-2281-4A7C-943B-66A136843EEB}.Release|iPhone.Deploy.0 = Release|Any CPU
		{D201BAD1-2281-4A7C-943B-66A136843EEB}.Release|iPhoneSimulator.ActiveCfg = Release|Any CPU
		{D201BAD1-2281-4A7C-943B-66A136843EEB}.Release|iPhoneSimulator.Build.0 = Release|Any CPU
		{D201BAD1-2281-4A7C-943B-66A136843EEB}.Release|iPhoneSimulator.Deploy.0 = Release|Any CPU
		{D201BAD1-2281-4A7C-943B-66A136843EEB}.Release|x64.ActiveCfg = Release|Any CPU
		{D201BAD1-2281-4A7C-943B-66A136843EEB}.Release|x64.Build.0 = Release|Any CPU
		{D201BAD1-2281-4A7C-943B-66A136843EEB}.Release|x64.Deploy.0 = Release|Any CPU
		{D201BAD1-2281-4A7C-943B-66A136843EEB}.Release|x86.ActiveCfg = Release|Any CPU
		{D201BAD1-2281-4A7C-943B-66A136843EEB}.Release|x86.Build.0 = Release|Any CPU
		{D201BAD1-2281-4A7C-943B-66A136843EEB}.Release|x86.Deploy.0 = Release|Any CPU
		{128F0189-76D8-4552-9B31-034573205B12}.Debug|Any CPU.ActiveCfg = Debug|iPhoneSimulator
		{128F0189-76D8-4552-9B31-034573205B12}.Debug|Any CPU.Build.0 = Debug|iPhoneSimulator
		{128F0189-76D8-4552-9B31-034573205B12}.Debug|Any CPU.Deploy.0 = Debug|iPhoneSimulator
		{128F0189-76D8-4552-9B31-034573205B12}.Debug|ARM.ActiveCfg = Debug|iPhone
		{128F0189-76D8-4552-9B31-034573205B12}.Debug|ARM.Build.0 = Debug|iPhone
		{128F0189-76D8-4552-9B31-034573205B12}.Debug|ARM.Deploy.0 = Debug|iPhone
		{128F0189-76D8-4552-9B31-034573205B12}.Debug|iPhone.ActiveCfg = Debug|iPhone
		{128F0189-76D8-4552-9B31-034573205B12}.Debug|iPhone.Build.0 = Debug|iPhone
		{128F0189-76D8-4552-9B31-034573205B12}.Debug|iPhone.Deploy.0 = Debug|iPhone
		{128F0189-76D8-4552-9B31-034573205B12}.Debug|iPhoneSimulator.ActiveCfg = Debug|iPhoneSimulator
		{128F0189-76D8-4552-9B31-034573205B12}.Debug|iPhoneSimulator.Build.0 = Debug|iPhoneSimulator
		{128F0189-76D8-4552-9B31-034573205B12}.Debug|iPhoneSimulator.Deploy.0 = Debug|iPhoneSimulator
		{128F0189-76D8-4552-9B31-034573205B12}.Debug|x64.ActiveCfg = Debug|iPhoneSimulator
		{128F0189-76D8-4552-9B31-034573205B12}.Debug|x64.Build.0 = Debug|iPhoneSimulator
		{128F0189-76D8-4552-9B31-034573205B12}.Debug|x64.Deploy.0 = Debug|iPhoneSimulator
		{128F0189-76D8-4552-9B31-034573205B12}.Debug|x86.ActiveCfg = Debug|iPhoneSimulator
		{128F0189-76D8-4552-9B31-034573205B12}.Debug|x86.Build.0 = Debug|iPhoneSimulator
		{128F0189-76D8-4552-9B31-034573205B12}.Debug|x86.Deploy.0 = Debug|iPhoneSimulator
		{128F0189-76D8-4552-9B31-034573205B12}.Release|Any CPU.ActiveCfg = Release|iPhoneSimulator
		{128F0189-76D8-4552-9B31-034573205B12}.Release|Any CPU.Build.0 = Release|iPhoneSimulator
		{128F0189-76D8-4552-9B31-034573205B12}.Release|Any CPU.Deploy.0 = Release|iPhoneSimulator
		{128F0189-76D8-4552-9B31-034573205B12}.Release|ARM.ActiveCfg = Release|iPhoneSimulator
		{128F0189-76D8-4552-9B31-034573205B12}.Release|ARM.Build.0 = Release|iPhoneSimulator
		{128F0189-76D8-4552-9B31-034573205B12}.Release|ARM.Deploy.0 = Release|iPhoneSimulator
		{128F0189-76D8-4552-9B31-034573205B12}.Release|iPhone.ActiveCfg = Release|iPhone
		{128F0189-76D8-4552-9B31-034573205B12}.Release|iPhone.Build.0 = Release|iPhone
		{128F0189-76D8-4552-9B31-034573205B12}.Release|iPhone.Deploy.0 = Release|iPhone
		{128F0189-76D8-4552-9B31-034573205B12}.Release|iPhoneSimulator.ActiveCfg = Release|iPhoneSimulator
		{128F0189-76D8-4552-9B31-034573205B12}.Release|iPhoneSimulator.Build.0 = Release|iPhoneSimulator
		{128F0189-76D8-4552-9B31-034573205B12}.Release|iPhoneSimulator.Deploy.0 = Release|iPhoneSimulator
		{128F0189-76D8-4552-9B31-034573205B12}.Release|x64.ActiveCfg = Release|iPhoneSimulator
		{128F0189-76D8-4552-9B31-034573205B12}.Release|x64.Build.0 = Release|iPhoneSimulator
		{128F0189-76D8-4552-9B31-034573205B12}.Release|x64.Deploy.0 = Release|iPhoneSimulator
		{128F0189-76D8-4552-9B31-034573205B12}.Release|x86.ActiveCfg = Release|iPhoneSimulator
		{128F0189-76D8-4552-9B31-034573205B12}.Release|x86.Build.0 = Release|iPhoneSimulator
		{128F0189-76D8-4552-9B31-034573205B12}.Release|x86.Deploy.0 = Release|iPhoneSimulator
		{C0266876-5E68-4F06-BB41-D566C94BE95F}.Debug|Any CPU.ActiveCfg = Debug|Any CPU
		{C0266876-5E68-4F06-BB41-D566C94BE95F}.Debug|Any CPU.Build.0 = Debug|Any CPU
		{C0266876-5E68-4F06-BB41-D566C94BE95F}.Debug|Any CPU.Deploy.0 = Debug|Any CPU
		{C0266876-5E68-4F06-BB41-D566C94BE95F}.Debug|ARM.ActiveCfg = Debug|Any CPU
		{C0266876-5E68-4F06-BB41-D566C94BE95F}.Debug|ARM.Build.0 = Debug|Any CPU
		{C0266876-5E68-4F06-BB41-D566C94BE95F}.Debug|ARM.Deploy.0 = Debug|Any CPU
		{C0266876-5E68-4F06-BB41-D566C94BE95F}.Debug|iPhone.ActiveCfg = Debug|Any CPU
		{C0266876-5E68-4F06-BB41-D566C94BE95F}.Debug|iPhone.Build.0 = Debug|Any CPU
		{C0266876-5E68-4F06-BB41-D566C94BE95F}.Debug|iPhone.Deploy.0 = Debug|Any CPU
		{C0266876-5E68-4F06-BB41-D566C94BE95F}.Debug|iPhoneSimulator.ActiveCfg = Debug|Any CPU
		{C0266876-5E68-4F06-BB41-D566C94BE95F}.Debug|iPhoneSimulator.Build.0 = Debug|Any CPU
		{C0266876-5E68-4F06-BB41-D566C94BE95F}.Debug|iPhoneSimulator.Deploy.0 = Debug|Any CPU
		{C0266876-5E68-4F06-BB41-D566C94BE95F}.Debug|x64.ActiveCfg = Debug|Any CPU
		{C0266876-5E68-4F06-BB41-D566C94BE95F}.Debug|x64.Build.0 = Debug|Any CPU
		{C0266876-5E68-4F06-BB41-D566C94BE95F}.Debug|x64.Deploy.0 = Debug|Any CPU
		{C0266876-5E68-4F06-BB41-D566C94BE95F}.Debug|x86.ActiveCfg = Debug|Any CPU
		{C0266876-5E68-4F06-BB41-D566C94BE95F}.Debug|x86.Build.0 = Debug|Any CPU
		{C0266876-5E68-4F06-BB41-D566C94BE95F}.Debug|x86.Deploy.0 = Debug|Any CPU
		{C0266876-5E68-4F06-BB41-D566C94BE95F}.Release|Any CPU.ActiveCfg = Release|Any CPU
		{C0266876-5E68-4F06-BB41-D566C94BE95F}.Release|Any CPU.Build.0 = Release|Any CPU
		{C0266876-5E68-4F06-BB41-D566C94BE95F}.Release|Any CPU.Deploy.0 = Release|Any CPU
		{C0266876-5E68-4F06-BB41-D566C94BE95F}.Release|ARM.ActiveCfg = Release|Any CPU
		{C0266876-5E68-4F06-BB41-D566C94BE95F}.Release|ARM.Build.0 = Release|Any CPU
		{C0266876-5E68-4F06-BB41-D566C94BE95F}.Release|ARM.Deploy.0 = Release|Any CPU
		{C0266876-5E68-4F06-BB41-D566C94BE95F}.Release|iPhone.ActiveCfg = Release|Any CPU
		{C0266876-5E68-4F06-BB41-D566C94BE95F}.Release|iPhone.Build.0 = Release|Any CPU
		{C0266876-5E68-4F06-BB41-D566C94BE95F}.Release|iPhone.Deploy.0 = Release|Any CPU
		{C0266876-5E68-4F06-BB41-D566C94BE95F}.Release|iPhoneSimulator.ActiveCfg = Release|Any CPU
		{C0266876-5E68-4F06-BB41-D566C94BE95F}.Release|iPhoneSimulator.Build.0 = Release|Any CPU
		{C0266876-5E68-4F06-BB41-D566C94BE95F}.Release|iPhoneSimulator.Deploy.0 = Release|Any CPU
		{C0266876-5E68-4F06-BB41-D566C94BE95F}.Release|x64.ActiveCfg = Release|Any CPU
		{C0266876-5E68-4F06-BB41-D566C94BE95F}.Release|x64.Build.0 = Release|Any CPU
		{C0266876-5E68-4F06-BB41-D566C94BE95F}.Release|x64.Deploy.0 = Release|Any CPU
		{C0266876-5E68-4F06-BB41-D566C94BE95F}.Release|x86.ActiveCfg = Release|Any CPU
		{C0266876-5E68-4F06-BB41-D566C94BE95F}.Release|x86.Build.0 = Release|Any CPU
		{C0266876-5E68-4F06-BB41-D566C94BE95F}.Release|x86.Deploy.0 = Release|Any CPU
	EndGlobalSection
	GlobalSection(SolutionProperties) = preSolution
		HideSolutionNode = FALSE
	EndGlobalSection
	GlobalSection(ExtensibilityGlobals) = postSolution
		SolutionGuid = {EDD77E0C-DD62-497F-9254-EC30A68CDD0B}
	EndGlobalSection
EndGlobal
